
Microsoft Visual Studio Solution File, Format Version 12.00
# Visual Studio Version 17
VisualStudioVersion = 17.1.32210.238
MinimumVisualStudioVersion = 10.0.40219.1
Project("{FAE04EC0-301F-11D3-BF4B-00C04F79EFBC}") = "ProductReviewManagement", "ProductReviewManagement.csproj", "{8CCFBA61-643B-4D62-8DE4-026C5A0BD842}"
EndProject
Global
	GlobalSection(SolutionConfigurationPlatforms) = preSolution
		Debug|Any CPU = Debug|Any CPU
		Release|Any CPU = Release|Any CPU
	EndGlobalSection
	GlobalSection(ProjectConfigurationPlatforms) = postSolution
		{8CCFBA61-643B-4D62-8DE4-026C5A0BD842}.Debug|Any CPU.ActiveCfg = Debug|Any CPU
		{8CCFBA61-643B-4D62-8DE4-026C5A0BD842}.Debug|Any CPU.Build.0 = Debug|Any CPU
		{8CCFBA61-643B-4D62-8DE4-026C5A0BD842}.Release|Any CPU.ActiveCfg = Release|Any CPU
		{8CCFBA61-643B-4D62-8DE4-026C5A0BD842}.Release|Any CPU.Build.0 = Release|Any CPU
	EndGlobalSection
	GlobalSection(SolutionProperties) = preSolution
		HideSolutionNode = FALSE
	EndGlobalSection
	GlobalSection(ExtensibilityGlobals) = postSolution
		SolutionGuid = {4361FAB3-303E-4014-B913-A93C60A8894A}
	EndGlobalSection
EndGlobal
